// !$*UTF8*$!
{
	archiveVersion = 1;
	classes = {
	};
	objectVersion = 50;
	objects = {

/* Begin PBXBuildFile section */
		8358F6EE21FCC28D00F35F5F /* AppDelegate.swift in Sources */ = {isa = PBXBuildFile; fileRef = 8358F6ED21FCC28D00F35F5F /* AppDelegate.swift */; };
		8358F6F321FCC28D00F35F5F /* Main.storyboard in Resources */ = {isa = PBXBuildFile; fileRef = 8358F6F121FCC28D00F35F5F /* Main.storyboard */; };
		8358F6F621FCC28D00F35F5F /* RealTimeStoT.xcdatamodeld in Sources */ = {isa = PBXBuildFile; fileRef = 8358F6F421FCC28D00F35F5F /* RealTimeStoT.xcdatamodeld */; };
		8358F6F821FCC28E00F35F5F /* Assets.xcassets in Resources */ = {isa = PBXBuildFile; fileRef = 8358F6F721FCC28E00F35F5F /* Assets.xcassets */; };
		8358F6FB21FCC28E00F35F5F /* LaunchScreen.storyboard in Resources */ = {isa = PBXBuildFile; fileRef = 8358F6F921FCC28E00F35F5F /* LaunchScreen.storyboard */; };
		8358F70321FCC2B100F35F5F /* RecognizerViewController.swift in Sources */ = {isa = PBXBuildFile; fileRef = 8358F70221FCC2B100F35F5F /* RecognizerViewController.swift */; };
/* End PBXBuildFile section */

/* Begin PBXFileReference section */
		8358F6EA21FCC28D00F35F5F /* RealTimeStoT.app */ = {isa = PBXFileReference; explicitFileType = wrapper.application; includeInIndex = 0; path = RealTimeStoT.app; sourceTree = BUILT_PRODUCTS_DIR; };
		8358F6ED21FCC28D00F35F5F /* AppDelegate.swift */ = {isa = PBXFileReference; lastKnownFileType = sourcecode.swift; path = AppDelegate.swift; sourceTree = "<group>"; };
		8358F6F221FCC28D00F35F5F /* Base */ = {isa = PBXFileReference; lastKnownFileType = file.storyboard; name = Base; path = Base.lproj/Main.storyboard; sourceTree = "<group>"; };
		8358F6F521FCC28D00F35F5F /* RealTimeStoT.xcdatamodel */ = {isa = PBXFileReference; lastKnownFileType = wrapper.xcdatamodel; path = RealTimeStoT.xcdatamodel; sourceTree = "<group>"; };
		8358F6F721FCC28E00F35F5F /* Assets.xcassets */ = {isa = PBXFileReference; lastKnownFileType = folder.assetcatalog; path = Assets.xcassets; sourceTree = "<group>"; };
		8358F6FA21FCC28E00F35F5F /* Base */ = {isa = PBXFileReference; lastKnownFileType = file.storyboard; name = Base; path = Base.lproj/LaunchScreen.storyboard; sourceTree = "<group>"; };
		8358F6FC21FCC28E00F35F5F /* Info.plist */ = {isa = PBXFileReference; lastKnownFileType = text.plist.xml; path = Info.plist; sourceTree = "<group>"; };
		8358F70221FCC2B100F35F5F /* RecognizerViewController.swift */ = {isa = PBXFileReference; lastKnownFileType = sourcecode.swift; path = RecognizerViewController.swift; sourceTree = "<group>"; };
/* End PBXFileReference section */

/* Begin PBXFrameworksBuildPhase section */
		8358F6E721FCC28D00F35F5F /* Frameworks */ = {
			isa = PBXFrameworksBuildPhase;
			buildActionMask = 2147483647;
			files = (
			);
			runOnlyForDeploymentPostprocessing = 0;
		};
/* End PBXFrameworksBuildPhase section */

/* Begin PBXGroup section */
		8358F6E121FCC28D00F35F5F = {
			isa = PBXGroup;
			children = (
				8358F6EC21FCC28D00F35F5F /* RealTimeStoT */,
				8358F6EB21FCC28D00F35F5F /* Products */,
			);
			sourceTree = "<group>";
		};
		8358F6EB21FCC28D00F35F5F /* Products */ = {
			isa = PBXGroup;
			children = (
				8358F6EA21FCC28D00F35F5F /* RealTimeStoT.app */,
			);
			name = Products;
			sourceTree = "<group>";
		};
		8358F6EC21FCC28D00F35F5F /* RealTimeStoT */ = {
			isa = PBXGroup;
			children = (
				8358F70221FCC2B100F35F5F /* RecognizerViewController.swift */,
				8358F6ED21FCC28D00F35F5F /* AppDelegate.swift */,
				8358F6F121FCC28D00F35F5F /* Main.storyboard */,
				8358F6F721FCC28E00F35F5F /* Assets.xcassets */,
				8358F6F921FCC28E00F35F5F /* LaunchScreen.storyboard */,
				8358F6FC21FCC28E00F35F5F /* Info.plist */,
				8358F6F421FCC28D00F35F5F /* RealTimeStoT.xcdatamodeld */,
			);
			path = RealTimeStoT;
			sourceTree = "<group>";
		};
/* End PBXGroup section */

/* Begin PBXNativeTarget section */
		8358F6E921FCC28D00F35F5F /* RealTimeStoT */ = {
			isa = PBXNativeTarget;
			buildConfigurationList = 8358F6FF21FCC28E00F35F5F /* Build configuration list for PBXNativeTarget "RealTimeStoT" */;
			buildPhases = (
				8358F6E621FCC28D00F35F5F /* Sources */,
				8358F6E721FCC28D00F35F5F /* Frameworks */,
				8358F6E821FCC28D00F35F5F /* Resources */,
			);
			buildRules = (
			);
			dependencies = (
			);
			name = RealTimeStoT;
			productName = RealTimeStoT;
			productReference = 8358F6EA21FCC28D00F35F5F /* RealTimeStoT.app */;
			productType = "com.apple.product-type.application";
		};
/* End PBXNativeTarget section */

/* Begin PBXProject section */
		8358F6E221FCC28D00F35F5F /* Project object */ = {
			isa = PBXProject;
			attributes = {
				LastSwiftUpdateCheck = 1010;
				LastUpgradeCheck = 1010;
				ORGANIZATIONNAME = "Zukosky, Jonah";
				TargetAttributes = {
					8358F6E921FCC28D00F35F5F = {
						CreatedOnToolsVersion = 10.1;
					};
				};
			};
			buildConfigurationList = 8358F6E521FCC28D00F35F5F /* Build configuration list for PBXProject "RealTimeStoT" */;
			compatibilityVersion = "Xcode 9.3";
			developmentRegion = en;
			hasScannedForEncodings = 0;
			knownRegions = (
				en,
				Base,
			);
			mainGroup = 8358F6E121FCC28D00F35F5F;
			productRefGroup = 8358F6EB21FCC28D00F35F5F /* Products */;
			projectDirPath = "";
			projectRoot = "";
			targets = (
				8358F6E921FCC28D00F35F5F /* RealTimeStoT */,
			);
		};
/* End PBXProject section */

/* Begin PBXResourcesBuildPhase section */
		8358F6E821FCC28D00F35F5F /* Resources */ = {
			isa = PBXResourcesBuildPhase;
			buildActionMask = 2147483647;
			files = (
				8358F6FB21FCC28E00F35F5F /* LaunchScreen.storyboard in Resources */,
				8358F6F821FCC28E00F35F5F /* Assets.xcassets in Resources */,
				8358F6F321FCC28D00F35F5F /* Main.storyboard in Resources */,
			);
			runOnlyForDeploymentPostprocessing = 0;
		};
/* End PBXResourcesBuildPhase section */

/* Begin PBXSourcesBuildPhase section */
		8358F6E621FCC28D00F35F5F /* Sources */ = {
			isa = PBXSourcesBuildPhase;
			buildActionMask = 2147483647;
			files = (
				8358F6F621FCC28D00F35F5F /* RealTimeStoT.xcdatamodeld in Sources */,
				8358F70321FCC2B100F35F5F /* RecognizerViewController.swift in Sources */,
				8358F6EE21FCC28D00F35F5F /* AppDelegate.swift in Sources */,
			);
			runOnlyForDeploymentPostprocessing = 0;
		};
/* End PBXSourcesBuildPhase section */

/* Begin PBXVariantGroup section */
		8358F6F121FCC28D00F35F5F /* Main.storyboard */ = {
			isa = PBXVariantGroup;
			children = (
				8358F6F221FCC28D00F35F5F /* Base */,
			);
			name = Main.storyboard;
			sourceTree = "<group>";
		};
		8358F6F921FCC28E00F35F5F /* LaunchScreen.storyboard */ = {
			isa = PBXVariantGroup;
			children = (
				8358F6FA21FCC28E00F35F5F /* Base */,
			);
			name = LaunchScreen.storyboard;
			sourceTree = "<group>";
		};
/* End PBXVariantGroup section */

/* Begin XCBuildConfiguration section */
		8358F6FD21FCC28E00F35F5F /* Debug */ = {
			isa = XCBuildConfiguration;
			buildSettings = {
				ALWAYS_SEARCH_USER_PATHS = NO;
				CLANG_ANALYZER_NONNULL = YES;
				CLANG_ANALYZER_NUMBER_OBJECT_CONVERSION = YES_AGGRESSIVE;
				CLANG_CXX_LANGUAGE_STANDARD = "gnu++14";
				CLANG_CXX_LIBRARY = "libc++";
				CLANG_ENABLE_MODULES = YES;
				CLANG_ENABLE_OBJC_ARC = YES;
				CLANG_ENABLE_OBJC_WEAK = YES;
				CLANG_WARN_BLOCK_CAPTURE_AUTORELEASING = YES;
				CLANG_WARN_BOOL_CONVERSION = YES;
				CLANG_WARN_COMMA = YES;
				CLANG_WARN_CONSTANT_CONVERSION = YES;
				CLANG_WARN_DEPRECATED_OBJC_IMPLEMENTATIONS = YES;
				CLANG_WARN_DIRECT_OBJC_ISA_USAGE = YES_ERROR;
				CLANG_WARN_DOCUMENTATION_COMMENTS = YES;
				CLANG_WARN_EMPTY_BODY = YES;
				CLANG_WARN_ENUM_CONVERSION = YES;
				CLANG_WARN_INFINITE_RECURSION = YES;
				CLANG_WARN_INT_CONVERSION = YES;
				CLANG_WARN_NON_LITERAL_NULL_CONVERSION = YES;
				CLANG_WARN_OBJC_IMPLICIT_RETAIN_SELF = YES;
				CLANG_WARN_OBJC_LITERAL_CONVERSION = YES;
				CLANG_WARN_OBJC_ROOT_CLASS = YES_ERROR;
				CLANG_WARN_RANGE_LOOP_ANALYSIS = YES;
				CLANG_WARN_STRICT_PROTOTYPES = YES;
				CLANG_WARN_SUSPICIOUS_MOVE = YES;
				CLANG_WARN_UNGUARDED_AVAILABILITY = YES_AGGRESSIVE;
				CLANG_WARN_UNREACHABLE_CODE = YES;
				CLANG_WARN__DUPLICATE_METHOD_MATCH = YES;
				CODE_SIGN_IDENTITY = "iPhone Developer";
				COPY_PHASE_STRIP = NO;
				DEBUG_INFORMATION_FORMAT = dwarf;
				ENABLE_STRICT_OBJC_MSGSEND = YES;
				ENABLE_TESTABILITY = YES;
				GCC_C_LANGUAGE_STANDARD = gnu11;
				GCC_DYNAMIC_NO_PIC = NO;
				GCC_NO_COMMON_BLOCKS = YES;
				GCC_OPTIMIZATION_LEVEL = 0;
				GCC_PREPROCESSOR_DEFINITIONS = (
					"DEBUG=1",
					"$(inherited)",
				);
				GCC_WARN_64_TO_32_BIT_CONVERSION = YES;
				GCC_WARN_ABOUT_RETURN_TYPE = YES_ERROR;
				GCC_WARN_UNDECLARED_SELECTOR = YES;
				GCC_WARN_UNINITIALIZED_AUTOS = YES_AGGRESSIVE;
				GCC_WARN_UNUSED_FUNCTION = YES;
				GCC_WARN_UNUSED_VARIABLE = YES;
				IPHONEOS_DEPLOYMENT_TARGET = 12.1;
				MTL_ENABLE_DEBUG_INFO = INCLUDE_SOURCE;
				MTL_FAST_MATH = YES;
				ONLY_ACTIVE_ARCH = YES;
				SDKROOT = iphoneos;
				SWIFT_ACTIVE_COMPILATION_CONDITIONS = DEBUG;
				SWIFT_OPTIMIZATION_LEVEL = "-Onone";
			};
			name = Debug;
		};
		8358F6FE21FCC28E00F35F5F /* Release */ = {
			isa = XCBuildConfiguration;
			buildSettings = {
				ALWAYS_SEARCH_USER_PATHS = NO;
				CLANG_ANALYZER_NONNULL = YES;
				CLANG_ANALYZER_NUMBER_OBJECT_CONVERSION = YES_AGGRESSIVE;
				CLANG_CXX_LANGUAGE_STANDARD = "gnu++14";
				CLANG_CXX_LIBRARY = "libc++";
				CLANG_ENABLE_MODULES = YES;
				CLANG_ENABLE_OBJC_ARC = YES;
				CLANG_ENABLE_OBJC_WEAK = YES;
				CLANG_WARN_BLOCK_CAPTURE_AUTORELEASING = YES;
				CLANG_WARN_BOOL_CONVERSION = YES;
				CLANG_WARN_COMMA = YES;
				CLANG_WARN_CONSTANT_CONVERSION = YES;
				CLANG_WARN_DEPRECATED_OBJC_IMPLEMENTATIONS = YES;
				CLANG_WARN_DIRECT_OBJC_ISA_USAGE = YES_ERROR;
				CLANG_WARN_DOCUMENTATION_COMMENTS = YES;
				CLANG_WARN_EMPTY_BODY = YES;
				CLANG_WARN_ENUM_CONVERSION = YES;
				CLANG_WARN_INFINITE_RECURSION = YES;
				CLANG_WARN_INT_CONVERSION = YES;
				CLANG_WARN_NON_LITERAL_NULL_CONVERSION = YES;
				CLANG_WARN_OBJC_IMPLICIT_RETAIN_SELF = YES;
				CLANG_WARN_OBJC_LITERAL_CONVERSION = YES;
				CLANG_WARN_OBJC_ROOT_CLASS = YES_ERROR;
				CLANG_WARN_RANGE_LOOP_ANALYSIS = YES;
				CLANG_WARN_STRICT_PROTOTYPES = YES;
				CLANG_WARN_SUSPICIOUS_MOVE = YES;
				CLANG_WARN_UNGUARDED_AVAILABILITY = YES_AGGRESSIVE;
				CLANG_WARN_UNREACHABLE_CODE = YES;
				CLANG_WARN__DUPLICATE_METHOD_MATCH = YES;
				CODE_SIGN_IDENTITY = "iPhone Developer";
				COPY_PHASE_STRIP = NO;
				DEBUG_INFORMATION_FORMAT = "dwarf-with-dsym";
				ENABLE_NS_ASSERTIONS = NO;
				ENABLE_STRICT_OBJC_MSGSEND = YES;
				GCC_C_LANGUAGE_STANDARD = gnu11;
				GCC_NO_COMMON_BLOCKS = YES;
				GCC_WARN_64_TO_32_BIT_CONVERSION = YES;
				GCC_WARN_ABOUT_RETURN_TYPE = YES_ERROR;
				GCC_WARN_UNDECLARED_SELECTOR = YES;
				GCC_WARN_UNINITIALIZED_AUTOS = YES_AGGRESSIVE;
				GCC_WARN_UNUSED_FUNCTION = YES;
				GCC_WARN_UNUSED_VARIABLE = YES;
				IPHONEOS_DEPLOYMENT_TARGET = 12.1;
				MTL_ENABLE_DEBUG_INFO = NO;
				MTL_FAST_MATH = YES;
				SDKROOT = iphoneos;
				SWIFT_COMPILATION_MODE = wholemodule;
				SWIFT_OPTIMIZATION_LEVEL = "-O";
				VALIDATE_PRODUCT = YES;
			};
			name = Release;
		};
		8358F70021FCC28E00F35F5F /* Debug */ = {
			isa = XCBuildConfiguration;
			buildSettings = {
				ASSETCATALOG_COMPILER_APPICON_NAME = AppIcon;
				CODE_SIGN_STYLE = Automatic;
				DEVELOPMENT_TEAM = 89YGS6UCLW;
				INFOPLIST_FILE = RealTimeStoT/Info.plist;
				LD_RUNPATH_SEARCH_PATHS = (
					"$(inherited)",
					"@executable_path/Frameworks",
				);
				PRODUCT_BUNDLE_IDENTIFIER = edu.missouri.RealTimeStoT;
				PRODUCT_NAME = "$(TARGET_NAME)";
				SWIFT_VERSION = 4.2;
				TARGETED_DEVICE_FAMILY = "1,2";
			};
			name = Debug;
		};
		8358F70121FCC28E00F35F5F /* Release */ = {
			isa = XCBuildConfiguration;
			buildSettings = {
				ASSETCATALOG_COMPILER_APPICON_NAME = AppIcon;
				CODE_SIGN_STYLE = Automatic;
				DEVELOPMENT_TEAM = 89YGS6UCLW;
				INFOPLIST_FILE = RealTimeStoT/Info.plist;
				LD_RUNPATH_SEARCH_PATHS = (
					"$(inherited)",
					"@executable_path/Frameworks",
				);
				PRODUCT_BUNDLE_IDENTIFIER = edu.missouri.RealTimeStoT;
				PRODUCT_NAME = "$(TARGET_NAME)";
				SWIFT_VERSION = 4.2;
				TARGETED_DEVICE_FAMILY = "1,2";
			};
			name = Release;
		};
/* End XCBuildConfiguration section */

/* Begin XCConfigurationList section */
		8358F6E521FCC28D00F35F5F /* Build configuration list for PBXProject "RealTimeStoT" */ = {
			isa = XCConfigurationList;
			buildConfigurations = (
				8358F6FD21FCC28E00F35F5F /* Debug */,
				8358F6FE21FCC28E00F35F5F /* Release */,
			);
			defaultConfigurationIsVisible = 0;
			defaultConfigurationName = Release;
		};
		8358F6FF21FCC28E00F35F5F /* Build configuration list for PBXNativeTarget "RealTimeStoT" */ = {
			isa = XCConfigurationList;
			buildConfigurations = (
				8358F70021FCC28E00F35F5F /* Debug */,
				8358F70121FCC28E00F35F5F /* Release */,
			);
			defaultConfigurationIsVisible = 0;
			defaultConfigurationName = Release;
		};
/* End XCConfigurationList section */

/* Begin XCVersionGroup section */
		8358F6F421FCC28D00F35F5F /* RealTimeStoT.xcdatamodeld */ = {
			isa = XCVersionGroup;
			children = (
				8358F6F521FCC28D00F35F5F /* RealTimeStoT.xcdatamodel */,
			);
			currentVersion = 8358F6F521FCC28D00F35F5F /* RealTimeStoT.xcdatamodel */;
			path = RealTimeStoT.xcdatamodeld;
			sourceTree = "<group>";
			versionGroupType = wrapper.xcdatamodel;
		};
/* End XCVersionGroup section */
	};
	rootObject = 8358F6E221FCC28D00F35F5F /* Project object */;
}
